
Microsoft Visual Studio Solution File, Format Version 12.00
# Visual Studio 14
VisualStudioVersion = 14.0.23107.0
MinimumVisualStudioVersion = 10.0.40219.1
Project("{FAE04EC0-301F-11D3-BF4B-00C04F79EFBC}") = "NetSalaryCalculator", "NetSalaryCalculator\NetSalaryCalculator.csproj", "{B205F9AD-F5A7-404E-AFD9-3C5CF9D62C61}"
EndProject
Project("{FAE04EC0-301F-11D3-BF4B-00C04F79EFBC}") = "NetSalaryCalculator.Tests", "NetSalaryCalculator.Tests\NetSalaryCalculator.Tests.csproj", "{D1AE39E5-0CE3-4331-BED7-1278E6580128}"
EndProject
Global
	GlobalSection(SolutionConfigurationPlatforms) = preSolution
		Debug|Any CPU = Debug|Any CPU
		Release|Any CPU = Release|Any CPU
	EndGlobalSection
	GlobalSection(ProjectConfigurationPlatforms) = postSolution
		{B205F9AD-F5A7-404E-AFD9-3C5CF9D62C61}.Debug|Any CPU.ActiveCfg = Debug|Any CPU
		{B205F9AD-F5A7-404E-AFD9-3C5CF9D62C61}.Debug|Any CPU.Build.0 = Debug|Any CPU
		{B205F9AD-F5A7-404E-AFD9-3C5CF9D62C61}.Release|Any CPU.ActiveCfg = Release|Any CPU
		{B205F9AD-F5A7-404E-AFD9-3C5CF9D62C61}.Release|Any CPU.Build.0 = Release|Any CPU
		{D1AE39E5-0CE3-4331-BED7-1278E6580128}.Debug|Any CPU.ActiveCfg = Debug|Any CPU
		{D1AE39E5-0CE3-4331-BED7-1278E6580128}.Debug|Any CPU.Build.0 = Debug|Any CPU
		{D1AE39E5-0CE3-4331-BED7-1278E6580128}.Release|Any CPU.ActiveCfg = Release|Any CPU
		{D1AE39E5-0CE3-4331-BED7-1278E6580128}.Release|Any CPU.Build.0 = Release|Any CPU
	EndGlobalSection
	GlobalSection(SolutionProperties) = preSolution
		HideSolutionNode = FALSE
	EndGlobalSection
EndGlobal
